dependencies:
- name: base
  repository: https://istio-release.storage.googleapis.com/charts
  version: 1.25.2
- name: istiod
  repository: https://istio-release.storage.googleapis.com/charts
  version: 1.25.2
digest: sha256:da2b05fc09f41438a9e4262b03653c3e5433f0e145e361d090780e10481798ca
generated: "2025-04-16T21:59:37.143839+03:00"
